
Microsoft Visual Studio Solution File, Format Version 11.00
# Visual Studio 2010
Project("{FAE04EC0-301F-11D3-BF4B-00C04F79EFBC}") = "Memories", "Assembly-CSharp.csproj", "{8720EBED-0625-7CFC-3E68-3B5D05680B57}"
EndProject
Project("{FAE04EC0-301F-11D3-BF4B-00C04F79EFBC}") = "Memories", "Assembly-CSharp-Editor.csproj", "{FB7F2B2C-2D7B-2E97-ABA5-4E09255BDF7B}"
EndProject
Global
	GlobalSection(SolutionConfigurationPlatforms) = preSolution
		Debug|Any CPU = Debug|Any CPU
		Release|Any CPU = Release|Any CPU
	EndGlobalSection
	GlobalSection(ProjectConfigurationPlatforms) = postSolution
		{8720EBED-0625-7CFC-3E68-3B5D05680B57}.Debug|Any CPU.ActiveCfg = Debug|Any CPU
		{8720EBED-0625-7CFC-3E68-3B5D05680B57}.Debug|Any CPU.Build.0 = Debug|Any CPU
		{8720EBED-0625-7CFC-3E68-3B5D05680B57}.Release|Any CPU.ActiveCfg = Release|Any CPU
		{8720EBED-0625-7CFC-3E68-3B5D05680B57}.Release|Any CPU.Build.0 = Release|Any CPU
		{FB7F2B2C-2D7B-2E97-ABA5-4E09255BDF7B}.Debug|Any CPU.ActiveCfg = Debug|Any CPU
		{FB7F2B2C-2D7B-2E97-ABA5-4E09255BDF7B}.Debug|Any CPU.Build.0 = Debug|Any CPU
		{FB7F2B2C-2D7B-2E97-ABA5-4E09255BDF7B}.Release|Any CPU.ActiveCfg = Release|Any CPU
		{FB7F2B2C-2D7B-2E97-ABA5-4E09255BDF7B}.Release|Any CPU.Build.0 = Release|Any CPU
	EndGlobalSection
	GlobalSection(SolutionProperties) = preSolution
		HideSolutionNode = FALSE
	EndGlobalSection
	GlobalSection(MonoDevelopProperties) = preSolution
		StartupItem = Assembly-CSharp.csproj
	EndGlobalSection
EndGlobal
